
Microsoft Visual Studio Solution File, Format Version 12.00
# Visual Studio Version 16
VisualStudioVersion = 16.0.31205.134
MinimumVisualStudioVersion = 10.0.40219.1
Project("{FAE04EC0-301F-11D3-BF4B-00C04F79EFBC}") = "Schedule", "Schedule\Schedule.csproj", "{2BCAE0B7-0A5F-40B6-AC01-197C94746DEE}"
EndProject
Global
	GlobalSection(SolutionConfigurationPlatforms) = preSolution
		Debug|Any CPU = Debug|Any CPU
		Release|Any CPU = Release|Any CPU
	EndGlobalSection
	GlobalSection(ProjectConfigurationPlatforms) = postSolution
		{2BCAE0B7-0A5F-40B6-AC01-197C94746DEE}.Debug|Any CPU.ActiveCfg = Debug|Any CPU
		{2BCAE0B7-0A5F-40B6-AC01-197C94746DEE}.Debug|Any CPU.Build.0 = Debug|Any CPU
		{2BCAE0B7-0A5F-40B6-AC01-197C94746DEE}.Release|Any CPU.ActiveCfg = Release|Any CPU
		{2BCAE0B7-0A5F-40B6-AC01-197C94746DEE}.Release|Any CPU.Build.0 = Release|Any CPU
	EndGlobalSection
	GlobalSection(SolutionProperties) = preSolution
		HideSolutionNode = FALSE
	EndGlobalSection
	GlobalSection(ExtensibilityGlobals) = postSolution
		SolutionGuid = {963DEAA4-D2C4-486A-8960-94F95FE59237}
	EndGlobalSection
EndGlobal
